
Microsoft Visual Studio Solution File, Format Version 12.00
# Visual Studio 15
VisualStudioVersion = 15.0.28307.1500
MinimumVisualStudioVersion = 10.0.40219.1
Project("{FAE04EC0-301F-11D3-BF4B-00C04F79EFBC}") = "DeploymentValidation", "DeploymentValidation\DeploymentValidation.csproj", "{8C69AA24-E418-4777-B082-70CCCEAB231F}"
EndProject
Global
	GlobalSection(SolutionConfigurationPlatforms) = preSolution
		Debug|Any CPU = Debug|Any CPU
		Release|Any CPU = Release|Any CPU
	EndGlobalSection
	GlobalSection(ProjectConfigurationPlatforms) = postSolution
		{8C69AA24-E418-4777-B082-70CCCEAB231F}.Debug|Any CPU.ActiveCfg = Debug|Any CPU
		{8C69AA24-E418-4777-B082-70CCCEAB231F}.Debug|Any CPU.Build.0 = Debug|Any CPU
		{8C69AA24-E418-4777-B082-70CCCEAB231F}.Release|Any CPU.ActiveCfg = Release|Any CPU
		{8C69AA24-E418-4777-B082-70CCCEAB231F}.Release|Any CPU.Build.0 = Release|Any CPU
	EndGlobalSection
	GlobalSection(SolutionProperties) = preSolution
		HideSolutionNode = FALSE
	EndGlobalSection
	GlobalSection(ExtensibilityGlobals) = postSolution
		SolutionGuid = {8035BA22-BCEA-4AB9-A763-17E59117D4AC}
	EndGlobalSection
EndGlobal
